
Microsoft Visual Studio Solution File, Format Version 12.00
# Visual Studio Version 17
VisualStudioVersion = 17.5.33627.172
MinimumVisualStudioVersion = 10.0.40219.1
Project("{FAE04EC0-301F-11D3-BF4B-00C04F79EFBC}") = "Pop_Vlad_Lab1", "Pop_Vlad_Lab1.csproj", "{80AD5F24-C968-45FA-9B0E-46EFA52E2009}"
EndProject
Global
	GlobalSection(SolutionConfigurationPlatforms) = preSolution
		Debug|Any CPU = Debug|Any CPU
		Release|Any CPU = Release|Any CPU
	EndGlobalSection
	GlobalSection(ProjectConfigurationPlatforms) = postSolution
		{80AD5F24-C968-45FA-9B0E-46EFA52E2009}.Debug|Any CPU.ActiveCfg = Debug|Any CPU
		{80AD5F24-C968-45FA-9B0E-46EFA52E2009}.Debug|Any CPU.Build.0 = Debug|Any CPU
		{80AD5F24-C968-45FA-9B0E-46EFA52E2009}.Release|Any CPU.ActiveCfg = Release|Any CPU
		{80AD5F24-C968-45FA-9B0E-46EFA52E2009}.Release|Any CPU.Build.0 = Release|Any CPU
	EndGlobalSection
	GlobalSection(SolutionProperties) = preSolution
		HideSolutionNode = FALSE
	EndGlobalSection
	GlobalSection(ExtensibilityGlobals) = postSolution
		SolutionGuid = {CAB08199-A106-462F-8582-A3180073576A}
	EndGlobalSection
EndGlobal
